
Microsoft Visual Studio Solution File, Format Version 12.00
# Visual Studio 15
VisualStudioVersion = 15.0.34729.27
MinimumVisualStudioVersion = 10.0.40219.1
Project("{FAE04EC0-301F-11D3-BF4B-00C04F79EFBC}") = "QrCodev2", "QrCodev2\QrCodev2.csproj", "{B02D93A1-7C1B-402E-AA74-7E653BAF1100}"
EndProject
Project("{54435603-DBB4-11D2-8724-00A0C9A8B90C}") = "Setup", "Setup\Setup.vdproj", "{B1FC83F6-9CFE-45D3-AB6A-2008B43235F6}"
EndProject
Global
	GlobalSection(SolutionConfigurationPlatforms) = preSolution
		Debug|Any CPU = Debug|Any CPU
		Release|Any CPU = Release|Any CPU
	EndGlobalSection
	GlobalSection(ProjectConfigurationPlatforms) = postSolution
		{B02D93A1-7C1B-402E-AA74-7E653BAF1100}.Debug|Any CPU.ActiveCfg = Debug|Any CPU
		{B02D93A1-7C1B-402E-AA74-7E653BAF1100}.Debug|Any CPU.Build.0 = Debug|Any CPU
		{B02D93A1-7C1B-402E-AA74-7E653BAF1100}.Release|Any CPU.ActiveCfg = Release|Any CPU
		{B02D93A1-7C1B-402E-AA74-7E653BAF1100}.Release|Any CPU.Build.0 = Release|Any CPU
		{B1FC83F6-9CFE-45D3-AB6A-2008B43235F6}.Debug|Any CPU.ActiveCfg = Debug
		{B1FC83F6-9CFE-45D3-AB6A-2008B43235F6}.Debug|Any CPU.Build.0 = Debug
		{B1FC83F6-9CFE-45D3-AB6A-2008B43235F6}.Release|Any CPU.ActiveCfg = Release
		{B1FC83F6-9CFE-45D3-AB6A-2008B43235F6}.Release|Any CPU.Build.0 = Release
	EndGlobalSection
	GlobalSection(SolutionProperties) = preSolution
		HideSolutionNode = FALSE
	EndGlobalSection
	GlobalSection(ExtensibilityGlobals) = postSolution
		SolutionGuid = {BF17D981-0CB7-44E2-AC77-D4905F8F6A02}
	EndGlobalSection
EndGlobal
